
Microsoft Visual Studio Solution File, Format Version 12.00
# Visual Studio Version 16
VisualStudioVersion = 16.0.30320.27
MinimumVisualStudioVersion = 10.0.40219.1
Project("{FAE04EC0-301F-11D3-BF4B-00C04F79EFBC}") = "C.NET Practical", "C.NET Practical\C.NET Practical.csproj", "{EE86B052-7FDA-43A2-8C12-44D41022B9CE}"
EndProject
Global
	GlobalSection(SolutionConfigurationPlatforms) = preSolution
		Debug|Any CPU = Debug|Any CPU
		Release|Any CPU = Release|Any CPU
	EndGlobalSection
	GlobalSection(ProjectConfigurationPlatforms) = postSolution
		{EE86B052-7FDA-43A2-8C12-44D41022B9CE}.Debug|Any CPU.ActiveCfg = Debug|Any CPU
		{EE86B052-7FDA-43A2-8C12-44D41022B9CE}.Debug|Any CPU.Build.0 = Debug|Any CPU
		{EE86B052-7FDA-43A2-8C12-44D41022B9CE}.Release|Any CPU.ActiveCfg = Release|Any CPU
		{EE86B052-7FDA-43A2-8C12-44D41022B9CE}.Release|Any CPU.Build.0 = Release|Any CPU
	EndGlobalSection
	GlobalSection(SolutionProperties) = preSolution
		HideSolutionNode = FALSE
	EndGlobalSection
	GlobalSection(ExtensibilityGlobals) = postSolution
		SolutionGuid = {11CABACB-FF81-4DBD-916F-986D814845F1}
	EndGlobalSection
EndGlobal
