
Microsoft Visual Studio Solution File, Format Version 12.00
# Visual Studio Version 16
VisualStudioVersion = 16.0.30320.27
MinimumVisualStudioVersion = 10.0.40219.1
Project("{FAE04EC0-301F-11D3-BF4B-00C04F79EFBC}") = "LAB_11", "LAB_11\LAB_11.csproj", "{78FB33E3-AB27-4570-B971-6466EBABB304}"
EndProject
Global
	GlobalSection(SolutionConfigurationPlatforms) = preSolution
		Debug|Any CPU = Debug|Any CPU
		Release|Any CPU = Release|Any CPU
	EndGlobalSection
	GlobalSection(ProjectConfigurationPlatforms) = postSolution
		{78FB33E3-AB27-4570-B971-6466EBABB304}.Debug|Any CPU.ActiveCfg = Debug|Any CPU
		{78FB33E3-AB27-4570-B971-6466EBABB304}.Debug|Any CPU.Build.0 = Debug|Any CPU
		{78FB33E3-AB27-4570-B971-6466EBABB304}.Release|Any CPU.ActiveCfg = Release|Any CPU
		{78FB33E3-AB27-4570-B971-6466EBABB304}.Release|Any CPU.Build.0 = Release|Any CPU
	EndGlobalSection
	GlobalSection(SolutionProperties) = preSolution
		HideSolutionNode = FALSE
	EndGlobalSection
	GlobalSection(ExtensibilityGlobals) = postSolution
		SolutionGuid = {E6ECF954-0569-43EC-9772-E7785C5085DB}
	EndGlobalSection
EndGlobal
