
Microsoft Visual Studio Solution File, Format Version 12.00
# Visual Studio Version 16
VisualStudioVersion = 16.0.30320.27
MinimumVisualStudioVersion = 10.0.40219.1
Project("{FAE04EC0-301F-11D3-BF4B-00C04F79EFBC}") = "LAB_9", "LAB_9\LAB_9.csproj", "{3A41B365-64D6-49A6-83DE-BD25FBED06ED}"
EndProject
Global
	GlobalSection(SolutionConfigurationPlatforms) = preSolution
		Debug|Any CPU = Debug|Any CPU
		Release|Any CPU = Release|Any CPU
	EndGlobalSection
	GlobalSection(ProjectConfigurationPlatforms) = postSolution
		{3A41B365-64D6-49A6-83DE-BD25FBED06ED}.Debug|Any CPU.ActiveCfg = Debug|Any CPU
		{3A41B365-64D6-49A6-83DE-BD25FBED06ED}.Debug|Any CPU.Build.0 = Debug|Any CPU
		{3A41B365-64D6-49A6-83DE-BD25FBED06ED}.Release|Any CPU.ActiveCfg = Release|Any CPU
		{3A41B365-64D6-49A6-83DE-BD25FBED06ED}.Release|Any CPU.Build.0 = Release|Any CPU
	EndGlobalSection
	GlobalSection(SolutionProperties) = preSolution
		HideSolutionNode = FALSE
	EndGlobalSection
	GlobalSection(ExtensibilityGlobals) = postSolution
		SolutionGuid = {C3251A74-926D-46EC-B263-DA2A5AD384BF}
	EndGlobalSection
EndGlobal
