
Microsoft Visual Studio Solution File, Format Version 12.00
# Visual Studio Version 16
VisualStudioVersion = 16.0.30320.27
MinimumVisualStudioVersion = 10.0.40219.1
Project("{FAE04EC0-301F-11D3-BF4B-00C04F79EFBC}") = "LAB_07", "LAB_07\LAB_07.csproj", "{A5FECE8B-6835-48D7-8129-917036F2D3CE}"
EndProject
Global
	GlobalSection(SolutionConfigurationPlatforms) = preSolution
		Debug|Any CPU = Debug|Any CPU
		Release|Any CPU = Release|Any CPU
	EndGlobalSection
	GlobalSection(ProjectConfigurationPlatforms) = postSolution
		{A5FECE8B-6835-48D7-8129-917036F2D3CE}.Debug|Any CPU.ActiveCfg = Debug|Any CPU
		{A5FECE8B-6835-48D7-8129-917036F2D3CE}.Debug|Any CPU.Build.0 = Debug|Any CPU
		{A5FECE8B-6835-48D7-8129-917036F2D3CE}.Release|Any CPU.ActiveCfg = Release|Any CPU
		{A5FECE8B-6835-48D7-8129-917036F2D3CE}.Release|Any CPU.Build.0 = Release|Any CPU
	EndGlobalSection
	GlobalSection(SolutionProperties) = preSolution
		HideSolutionNode = FALSE
	EndGlobalSection
	GlobalSection(ExtensibilityGlobals) = postSolution
		SolutionGuid = {74653FF7-1EBC-41AC-AD92-C5DB59D0CFDB}
	EndGlobalSection
EndGlobal
